{

  "name": "n4o-property-graph",

  "lockfileVersion": 3,

  "requires": true,

  "packages": {

    "": {

      "dependencies": {

        "pgraphs": "^0.6.9"

      }

    },

    "node_modules/@pinemach/csv": {

      "version": "1.0.4",

      "resolved": "https://registry.npmjs.org/@pinemach/csv/-/csv-1.0.4.tgz",

      "integrity": "sha512-q1K9oFIlW52v9GI3K05kLU6zEccCKLceL6bRZTrt3nim/vWAzK2hv7NEinkgle92e8dtiwpRdFgWD0pTA/MHKg=="

    },

    "node_modules/dotparser": {

      "version": "1.1.1",

      "resolved": "https://registry.npmjs.org/dotparser/-/dotparser-1.1.1.tgz",

      "integrity": "sha512-8ojhUts0HbLnXJgjTiJOddwVVBUk6hg4SJ5kGiuhzgK/f+y79TiWvICwx1oCWlVbBC8YI3nEaIQg9fjGYbGBXw=="

    },

    "node_modules/fast-xml-parser": {

      "version": "4.3.6",

      "resolved": "https://registry.npmjs.org/fast-xml-parser/-/fast-xml-parser-4.3.6.tgz",

      "integrity": "sha512-M2SovcRxD4+vC493Uc2GZVcZaj66CCJhWurC4viynVSTvrpErCShNcDz1lAho6n9REQKvL/ll4A4/fw6Y9z8nw==",

      "funding": [

        {

          "type": "github",

          "url": "https://github.com/sponsors/NaturalIntelligence"

        },

        {

          "type": "paypal",

          "url": "https://paypal.me/naturalintelligence"

        }

      ],

      "dependencies": {

        "strnum": "^1.0.5"

      },

      "bin": {

        "fxparser": "src/cli/cli.js"

      }

    },

    "node_modules/pgraphs": {

      "version": "0.6.9",

      "resolved": "https://registry.npmjs.org/pgraphs/-/pgraphs-0.6.9.tgz",

      "integrity": "sha512-OUtJCWQWAqPGa+i+4Xf9Lv6gk8KDb8rtGli787YyqIk0J7ewnq9OAa5kES+TqMsDwGG7n/Pws1rUOejchngG8w==",

      "dependencies": {

        "@pinemach/csv": "^1.0.4",

        "dotparser": "^1.1.1",

        "fast-xml-parser": "^4.3.6",

        "pgraphs": "^0.1.0"

      },

      "bin": {

        "pgraph": "bin/pgraph.js"

      },

      "engines": {

        "node": ">= 18.0.0"

      }

    },

    "node_modules/pgraphs/node_modules/pgraphs": {

      "version": "0.1.1",

      "resolved": "https://registry.npmjs.org/pgraphs/-/pgraphs-0.1.1.tgz",

      "integrity": "sha512-isD/Vb3jQGMn8xSDLvjbcp48DPsGtQk/q1/fQdUGFrBYUoIyMR6jEg2ehY1YxwYs6pJ6BFxEMyqnrx2CpYniFg==",

      "dependencies": {

        "@pinemach/csv": "^1.0.4",

        "dotparser": "^1.1.1",

        "pgraphs": "^0.1.0"

      },

      "bin": {

        "pgraph": "bin/pgraph.js"

      },

      "engines": {

        "node": ">= 18.0.0"

      }

    },

    "node_modules/strnum": {

      "version": "1.0.5",

      "resolved": "https://registry.npmjs.org/strnum/-/strnum-1.0.5.tgz",

      "integrity": "sha512-J8bbNyKKXl5qYcR36TIO8W3mVGVHrmmxsd5PAItGkmyzwJvybiw2IVq5nqd0i4LSNSkB/sx9VHllbfFdr9k1JA=="

    }

  }

}

